{
  "name": "backend-infra-cli",
  "version": "0.1.0",
  "lockfileVersion": 3,
  "requires": true,
  "packages": {
    "": {
      "name": "backend-infra-cli",
      "version": "0.1.0",
      "devDependencies": {
        "aws-cdk": "^2.1124.1",
        "aws-cdk-local": "^3.0.4"
      }
    },
    "node_modules/aws-cdk": {
      "version": "2.1124.1",
      "resolved": "https://registry.npmjs.org/aws-cdk/-/aws-cdk-2.1124.1.tgz",
      "integrity": "sha512-sRYdPMdkX+02EHaT946AFV0w0CMfbHKWpLZPv525xTCkaVu1eYu6DzHFuTdimxdSN0uGQ2D4LHrD1sr94tRhow==",
      "dev": true,
      "license": "Apache-2.0",
      "bin": {
        "cdk": "bin/cdk"
      },
      "engines": {
        "node": ">= 18.0.0"
      }
    },
    "node_modules/aws-cdk-local": {
      "version": "3.0.4",
      "resolved": "https://registry.npmjs.org/aws-cdk-local/-/aws-cdk-local-3.0.4.tgz",
      "integrity": "sha512-u8c62rfZNGqB9oW+RSW8YAqLLFAcgc5y2aQrgqQTBUVKLTN6r54g/IUbTq/dM1fqvT1GqtylzQjQ8ytACMSGTQ==",
      "dev": true,
      "license": "Apache-2.0",
      "dependencies": {
        "diff": "^5.0.0",
        "semver": "^7.7.4"
      },
      "bin": {
        "cdklocal": "bin/cdklocal"
      }
    },
    "node_modules/diff": {
      "version": "5.2.2",
      "resolved": "https://registry.npmjs.org/diff/-/diff-5.2.2.tgz",
      "integrity": "sha512-vtcDfH3TOjP8UekytvnHH1o1P4FcUdt4eQ1Y+Abap1tk/OB2MWQvcwS2ClCd1zuIhc3JKOx6p3kod8Vfys3E+A==",
      "dev": true,
      "license": "BSD-3-Clause",
      "engines": {
        "node": ">=0.3.1"
      }
    },
    "node_modules/semver": {
      "version": "7.8.1",
      "resolved": "https://registry.npmjs.org/semver/-/semver-7.8.1.tgz",
      "integrity": "sha512-rkVq3IXh+4FDGch+KwzX3aV9W3kO54GyEgpvBzSyctDA6Xtd7RJQV1xmXbeQp5v7+VzLOfVqiutSE6GICgPFvg==",
      "dev": true,
      "license": "ISC",
      "bin": {
        "semver": "bin/semver.js"
      },
      "engines": {
        "node": ">=10"
      }
    }
  }
}
